
Microsoft Visual Studio Solution File, Format Version 12.00
# Visual Studio Version 16
VisualStudioVersion = 16.0.30621.155
MinimumVisualStudioVersion = 10.0.40219.1
Project("{8BC9CEB8-8B4A-11D0-8D11-00A0C91BC942}") = "S005", "S005\S005.vcxproj", "{E22C26A7-E109-4581-9A3B-6CFA75D22EE9}"
EndProject
Global
	GlobalSection(SolutionConfigurationPlatforms) = preSolution
		Debug|x64 = Debug|x64
		Debug|x86 = Debug|x86
		Release|x64 = Release|x64
		Release|x86 = Release|x86
	EndGlobalSection
	GlobalSection(ProjectConfigurationPlatforms) = postSolution
		{E22C26A7-E109-4581-9A3B-6CFA75D22EE9}.Debug|x64.ActiveCfg = Debug|x64
		{E22C26A7-E109-4581-9A3B-6CFA75D22EE9}.Debug|x64.Build.0 = Debug|x64
		{E22C26A7-E109-4581-9A3B-6CFA75D22EE9}.Debug|x86.ActiveCfg = Debug|Win32
		{E22C26A7-E109-4581-9A3B-6CFA75D22EE9}.Debug|x86.Build.0 = Debug|Win32
		{E22C26A7-E109-4581-9A3B-6CFA75D22EE9}.Release|x64.ActiveCfg = Release|x64
		{E22C26A7-E109-4581-9A3B-6CFA75D22EE9}.Release|x64.Build.0 = Release|x64
		{E22C26A7-E109-4581-9A3B-6CFA75D22EE9}.Release|x86.ActiveCfg = Release|Win32
		{E22C26A7-E109-4581-9A3B-6CFA75D22EE9}.Release|x86.Build.0 = Release|Win32
	EndGlobalSection
	GlobalSection(SolutionProperties) = preSolution
		HideSolutionNode = FALSE
	EndGlobalSection
	GlobalSection(ExtensibilityGlobals) = postSolution
		SolutionGuid = {2810197E-DCA3-4520-9107-E4F254994112}
	EndGlobalSection
EndGlobal
